// !$*UTF8*$!
{
	archiveVersion = 1;
	classes = {
	};
	objectVersion = 50;
	objects = {

/* Begin PBXBuildFile section */
		43A7BF29208ACF2A00735E45 /* AppDelegate.swift in Sources */ = {isa = PBXBuildFile; fileRef = 43A7BF28208ACF2A00735E45 /* AppDelegate.swift */; };
		43A7BF2E208ACF2B00735E45 /* Main.storyboard in Resources */ = {isa = PBXBuildFile; fileRef = 43A7BF2C208ACF2B00735E45 /* Main.storyboard */; };
		43A7BF30208ACF2E00735E45 /* Assets.xcassets in Resources */ = {isa = PBXBuildFile; fileRef = 43A7BF2F208ACF2E00735E45 /* Assets.xcassets */; };
		43A7BF33208ACF2E00735E45 /* LaunchScreen.storyboard in Resources */ = {isa = PBXBuildFile; fileRef = 43A7BF31208ACF2E00735E45 /* LaunchScreen.storyboard */; };
		43A7BF3C208AD07500735E45 /* TableViewController.swift in Sources */ = {isa = PBXBuildFile; fileRef = 43A7BF3B208AD07500735E45 /* TableViewController.swift */; };
		43CB8C70208ADE740075A2F0 /* ShowHideAnimationViewController.swift in Sources */ = {isa = PBXBuildFile; fileRef = 43CB8C6F208ADE740075A2F0 /* ShowHideAnimationViewController.swift */; };
		43CB8C73208AF36F0075A2F0 /* UIView+Status.swift in Sources */ = {isa = PBXBuildFile; fileRef = 43CB8C72208AF36F0075A2F0 /* UIView+Status.swift */; };
/* End PBXBuildFile section */

/* Begin PBXFileReference section */
		43A7BF25208ACF2A00735E45 /* Samplers.app */ = {isa = PBXFileReference; explicitFileType = wrapper.application; includeInIndex = 0; path = Samplers.app; sourceTree = BUILT_PRODUCTS_DIR; };
		43A7BF28208ACF2A00735E45 /* AppDelegate.swift */ = {isa = PBXFileReference; lastKnownFileType = sourcecode.swift; path = AppDelegate.swift; sourceTree = "<group>"; };
		43A7BF2D208ACF2B00735E45 /* Base */ = {isa = PBXFileReference; lastKnownFileType = file.storyboard; name = Base; path = Base.lproj/Main.storyboard; sourceTree = "<group>"; };
		43A7BF2F208ACF2E00735E45 /* Assets.xcassets */ = {isa = PBXFileReference; lastKnownFileType = folder.assetcatalog; path = Assets.xcassets; sourceTree = "<group>"; };
		43A7BF32208ACF2E00735E45 /* Base */ = {isa = PBXFileReference; lastKnownFileType = file.storyboard; name = Base; path = Base.lproj/LaunchScreen.storyboard; sourceTree = "<group>"; };
		43A7BF34208ACF2E00735E45 /* Info.plist */ = {isa = PBXFileReference; lastKnownFileType = text.plist.xml; path = Info.plist; sourceTree = "<group>"; };
		43A7BF3B208AD07500735E45 /* TableViewController.swift */ = {isa = PBXFileReference; lastKnownFileType = sourcecode.swift; path = TableViewController.swift; sourceTree = "<group>"; };
		43CB8C6F208ADE740075A2F0 /* ShowHideAnimationViewController.swift */ = {isa = PBXFileReference; lastKnownFileType = sourcecode.swift; path = ShowHideAnimationViewController.swift; sourceTree = "<group>"; };
		43CB8C72208AF36F0075A2F0 /* UIView+Status.swift */ = {isa = PBXFileReference; lastKnownFileType = sourcecode.swift; path = "UIView+Status.swift"; sourceTree = "<group>"; };
/* End PBXFileReference section */

/* Begin PBXFrameworksBuildPhase section */
		43A7BF22208ACF2A00735E45 /* Frameworks */ = {
			isa = PBXFrameworksBuildPhase;
			buildActionMask = 2147483647;
			files = (
			);
			runOnlyForDeploymentPostprocessing = 0;
		};
/* End PBXFrameworksBuildPhase section */

/* Begin PBXGroup section */
		43A7BF1C208ACF2A00735E45 = {
			isa = PBXGroup;
			children = (
				43A7BF27208ACF2A00735E45 /* Samplers */,
				43A7BF26208ACF2A00735E45 /* Products */,
			);
			sourceTree = "<group>";
		};
		43A7BF26208ACF2A00735E45 /* Products */ = {
			isa = PBXGroup;
			children = (
				43A7BF25208ACF2A00735E45 /* Samplers.app */,
			);
			name = Products;
			sourceTree = "<group>";
		};
		43A7BF27208ACF2A00735E45 /* Samplers */ = {
			isa = PBXGroup;
			children = (
				43CB8C71208AF2FB0075A2F0 /* Extension */,
				43A7BF3A208AD01700735E45 /* ViewHierarchie */,
				43A7BF28208ACF2A00735E45 /* AppDelegate.swift */,
				43A7BF2C208ACF2B00735E45 /* Main.storyboard */,
				43A7BF2F208ACF2E00735E45 /* Assets.xcassets */,
				43A7BF31208ACF2E00735E45 /* LaunchScreen.storyboard */,
				43A7BF34208ACF2E00735E45 /* Info.plist */,
			);
			path = Samplers;
			sourceTree = "<group>";
		};
		43A7BF3A208AD01700735E45 /* ViewHierarchie */ = {
			isa = PBXGroup;
			children = (
				43A7BF3B208AD07500735E45 /* TableViewController.swift */,
				43CB8C6F208ADE740075A2F0 /* ShowHideAnimationViewController.swift */,
			);
			path = ViewHierarchie;
			sourceTree = "<group>";
		};
		43CB8C71208AF2FB0075A2F0 /* Extension */ = {
			isa = PBXGroup;
			children = (
				43CB8C72208AF36F0075A2F0 /* UIView+Status.swift */,
			);
			path = Extension;
			sourceTree = "<group>";
		};
/* End PBXGroup section */

/* Begin PBXNativeTarget section */
		43A7BF24208ACF2A00735E45 /* Samplers */ = {
			isa = PBXNativeTarget;
			buildConfigurationList = 43A7BF37208ACF2E00735E45 /* Build configuration list for PBXNativeTarget "Samplers" */;
			buildPhases = (
				43A7BF21208ACF2A00735E45 /* Sources */,
				43A7BF22208ACF2A00735E45 /* Frameworks */,
				43A7BF23208ACF2A00735E45 /* Resources */,
			);
			buildRules = (
			);
			dependencies = (
			);
			name = Samplers;
			productName = Samplers;
			productReference = 43A7BF25208ACF2A00735E45 /* Samplers.app */;
			productType = "com.apple.product-type.application";
		};
/* End PBXNativeTarget section */

/* Begin PBXProject section */
		43A7BF1D208ACF2A00735E45 /* Project object */ = {
			isa = PBXProject;
			attributes = {
				LastSwiftUpdateCheck = 0930;
				LastUpgradeCheck = 0930;
				ORGANIZATIONNAME = ochimasu;
				TargetAttributes = {
					43A7BF24208ACF2A00735E45 = {
						CreatedOnToolsVersion = 9.3;
					};
				};
			};
			buildConfigurationList = 43A7BF20208ACF2A00735E45 /* Build configuration list for PBXProject "Samplers" */;
			compatibilityVersion = "Xcode 9.3";
			developmentRegion = en;
			hasScannedForEncodings = 0;
			knownRegions = (
				en,
				Base,
			);
			mainGroup = 43A7BF1C208ACF2A00735E45;
			productRefGroup = 43A7BF26208ACF2A00735E45 /* Products */;
			projectDirPath = "";
			projectRoot = "";
			targets = (
				43A7BF24208ACF2A00735E45 /* Samplers */,
			);
		};
/* End PBXProject section */

/* Begin PBXResourcesBuildPhase section */
		43A7BF23208ACF2A00735E45 /* Resources */ = {
			isa = PBXResourcesBuildPhase;
			buildActionMask = 2147483647;
			files = (
				43A7BF33208ACF2E00735E45 /* LaunchScreen.storyboard in Resources */,
				43A7BF30208ACF2E00735E45 /* Assets.xcassets in Resources */,
				43A7BF2E208ACF2B00735E45 /* Main.storyboard in Resources */,
			);
			runOnlyForDeploymentPostprocessing = 0;
		};
/* End PBXResourcesBuildPhase section */

/* Begin PBXSourcesBuildPhase section */
		43A7BF21208ACF2A00735E45 /* Sources */ = {
			isa = PBXSourcesBuildPhase;
			buildActionMask = 2147483647;
			files = (
				43CB8C70208ADE740075A2F0 /* ShowHideAnimationViewController.swift in Sources */,
				43A7BF29208ACF2A00735E45 /* AppDelegate.swift in Sources */,
				43CB8C73208AF36F0075A2F0 /* UIView+Status.swift in Sources */,
				43A7BF3C208AD07500735E45 /* TableViewController.swift in Sources */,
			);
			runOnlyForDeploymentPostprocessing = 0;
		};
/* End PBXSourcesBuildPhase section */

/* Begin PBXVariantGroup section */
		43A7BF2C208ACF2B00735E45 /* Main.storyboard */ = {
			isa = PBXVariantGroup;
			children = (
				43A7BF2D208ACF2B00735E45 /* Base */,
			);
			name = Main.storyboard;
			sourceTree = "<group>";
		};
		43A7BF31208ACF2E00735E45 /* LaunchScreen.storyboard */ = {
			isa = PBXVariantGroup;
			children = (
				43A7BF32208ACF2E00735E45 /* Base */,
			);
			name = LaunchScreen.storyboard;
			sourceTree = "<group>";
		};
/* End PBXVariantGroup section */

/* Begin XCBuildConfiguration section */
		43A7BF35208ACF2E00735E45 /* Debug */ = {
			isa = XCBuildConfiguration;
			buildSettings = {
				ALWAYS_SEARCH_USER_PATHS = NO;
				CLANG_ANALYZER_NONNULL = YES;
				CLANG_ANALYZER_NUMBER_OBJECT_CONVERSION = YES_AGGRESSIVE;
				CLANG_CXX_LANGUAGE_STANDARD = "gnu++14";
				CLANG_CXX_LIBRARY = "libc++";
				CLANG_ENABLE_MODULES = YES;
				CLANG_ENABLE_OBJC_ARC = YES;
				CLANG_ENABLE_OBJC_WEAK = YES;
				CLANG_WARN_BLOCK_CAPTURE_AUTORELEASING = YES;
				CLANG_WARN_BOOL_CONVERSION = YES;
				CLANG_WARN_COMMA = YES;
				CLANG_WARN_CONSTANT_CONVERSION = YES;
				CLANG_WARN_DEPRECATED_OBJC_IMPLEMENTATIONS = YES;
				CLANG_WARN_DIRECT_OBJC_ISA_USAGE = YES_ERROR;
				CLANG_WARN_DOCUMENTATION_COMMENTS = YES;
				CLANG_WARN_EMPTY_BODY = YES;
				CLANG_WARN_ENUM_CONVERSION = YES;
				CLANG_WARN_INFINITE_RECURSION = YES;
				CLANG_WARN_INT_CONVERSION = YES;
				CLANG_WARN_NON_LITERAL_NULL_CONVERSION = YES;
				CLANG_WARN_OBJC_IMPLICIT_RETAIN_SELF = YES;
				CLANG_WARN_OBJC_LITERAL_CONVERSION = YES;
				CLANG_WARN_OBJC_ROOT_CLASS = YES_ERROR;
				CLANG_WARN_RANGE_LOOP_ANALYSIS = YES;
				CLANG_WARN_STRICT_PROTOTYPES = YES;
				CLANG_WARN_SUSPICIOUS_MOVE = YES;
				CLANG_WARN_UNGUARDED_AVAILABILITY = YES_AGGRESSIVE;
				CLANG_WARN_UNREACHABLE_CODE = YES;
				CLANG_WARN__DUPLICATE_METHOD_MATCH = YES;
				CODE_SIGN_IDENTITY = "iPhone Developer";
				COPY_PHASE_STRIP = NO;
				DEBUG_INFORMATION_FORMAT = dwarf;
				ENABLE_STRICT_OBJC_MSGSEND = YES;
				ENABLE_TESTABILITY = YES;
				GCC_C_LANGUAGE_STANDARD = gnu11;
				GCC_DYNAMIC_NO_PIC = NO;
				GCC_NO_COMMON_BLOCKS = YES;
				GCC_OPTIMIZATION_LEVEL = 0;
				GCC_PREPROCESSOR_DEFINITIONS = (
					"DEBUG=1",
					"$(inherited)",
				);
				GCC_WARN_64_TO_32_BIT_CONVERSION = YES;
				GCC_WARN_ABOUT_RETURN_TYPE = YES_ERROR;
				GCC_WARN_UNDECLARED_SELECTOR = YES;
				GCC_WARN_UNINITIALIZED_AUTOS = YES_AGGRESSIVE;
				GCC_WARN_UNUSED_FUNCTION = YES;
				GCC_WARN_UNUSED_VARIABLE = YES;
				IPHONEOS_DEPLOYMENT_TARGET = 11.3;
				MTL_ENABLE_DEBUG_INFO = YES;
				ONLY_ACTIVE_ARCH = YES;
				SDKROOT = iphoneos;
				SWIFT_ACTIVE_COMPILATION_CONDITIONS = DEBUG;
				SWIFT_OPTIMIZATION_LEVEL = "-Onone";
			};
			name = Debug;
		};
		43A7BF36208ACF2E00735E45 /* Release */ = {
			isa = XCBuildConfiguration;
			buildSettings = {
				ALWAYS_SEARCH_USER_PATHS = NO;
				CLANG_ANALYZER_NONNULL = YES;
				CLANG_ANALYZER_NUMBER_OBJECT_CONVERSION = YES_AGGRESSIVE;
				CLANG_CXX_LANGUAGE_STANDARD = "gnu++14";
				CLANG_CXX_LIBRARY = "libc++";
				CLANG_ENABLE_MODULES = YES;
				CLANG_ENABLE_OBJC_ARC = YES;
				CLANG_ENABLE_OBJC_WEAK = YES;
				CLANG_WARN_BLOCK_CAPTURE_AUTORELEASING = YES;
				CLANG_WARN_BOOL_CONVERSION = YES;
				CLANG_WARN_COMMA = YES;
				CLANG_WARN_CONSTANT_CONVERSION = YES;
				CLANG_WARN_DEPRECATED_OBJC_IMPLEMENTATIONS = YES;
				CLANG_WARN_DIRECT_OBJC_ISA_USAGE = YES_ERROR;
				CLANG_WARN_DOCUMENTATION_COMMENTS = YES;
				CLANG_WARN_EMPTY_BODY = YES;
				CLANG_WARN_ENUM_CONVERSION = YES;
				CLANG_WARN_INFINITE_RECURSION = YES;
				CLANG_WARN_INT_CONVERSION = YES;
				CLANG_WARN_NON_LITERAL_NULL_CONVERSION = YES;
				CLANG_WARN_OBJC_IMPLICIT_RETAIN_SELF = YES;
				CLANG_WARN_OBJC_LITERAL_CONVERSION = YES;
				CLANG_WARN_OBJC_ROOT_CLASS = YES_ERROR;
				CLANG_WARN_RANGE_LOOP_ANALYSIS = YES;
				CLANG_WARN_STRICT_PROTOTYPES = YES;
				CLANG_WARN_SUSPICIOUS_MOVE = YES;
				CLANG_WARN_UNGUARDED_AVAILABILITY = YES_AGGRESSIVE;
				CLANG_WARN_UNREACHABLE_CODE = YES;
				CLANG_WARN__DUPLICATE_METHOD_MATCH = YES;
				CODE_SIGN_IDENTITY = "iPhone Developer";
				COPY_PHASE_STRIP = NO;
				DEBUG_INFORMATION_FORMAT = "dwarf-with-dsym";
				ENABLE_NS_ASSERTIONS = NO;
				ENABLE_STRICT_OBJC_MSGSEND = YES;
				GCC_C_LANGUAGE_STANDARD = gnu11;
				GCC_NO_COMMON_BLOCKS = YES;
				GCC_WARN_64_TO_32_BIT_CONVERSION = YES;
				GCC_WARN_ABOUT_RETURN_TYPE = YES_ERROR;
				GCC_WARN_UNDECLARED_SELECTOR = YES;
				GCC_WARN_UNINITIALIZED_AUTOS = YES_AGGRESSIVE;
				GCC_WARN_UNUSED_FUNCTION = YES;
				GCC_WARN_UNUSED_VARIABLE = YES;
				IPHONEOS_DEPLOYMENT_TARGET = 11.3;
				MTL_ENABLE_DEBUG_INFO = NO;
				SDKROOT = iphoneos;
				SWIFT_COMPILATION_MODE = wholemodule;
				SWIFT_OPTIMIZATION_LEVEL = "-O";
				VALIDATE_PRODUCT = YES;
			};
			name = Release;
		};
		43A7BF38208ACF2E00735E45 /* Debug */ = {
			isa = XCBuildConfiguration;
			buildSettings = {
				ASSETCATALOG_COMPILER_APPICON_NAME = AppIcon;
				CODE_SIGN_STYLE = Automatic;
				DEVELOPMENT_TEAM = L2QDJ3TYVB;
				INFOPLIST_FILE = Samplers/Info.plist;
				IPHONEOS_DEPLOYMENT_TARGET = 11.0;
				LD_RUNPATH_SEARCH_PATHS = (
					"$(inherited)",
					"@executable_path/Frameworks",
				);
				PRODUCT_BUNDLE_IDENTIFIER = ochimasu.Samplers;
				PRODUCT_NAME = "$(TARGET_NAME)";
				SWIFT_VERSION = 4.0;
				TARGETED_DEVICE_FAMILY = "1,2";
			};
			name = Debug;
		};
		43A7BF39208ACF2E00735E45 /* Release */ = {
			isa = XCBuildConfiguration;
			buildSettings = {
				ASSETCATALOG_COMPILER_APPICON_NAME = AppIcon;
				CODE_SIGN_STYLE = Automatic;
				DEVELOPMENT_TEAM = L2QDJ3TYVB;
				INFOPLIST_FILE = Samplers/Info.plist;
				IPHONEOS_DEPLOYMENT_TARGET = 11.0;
				LD_RUNPATH_SEARCH_PATHS = (
					"$(inherited)",
					"@executable_path/Frameworks",
				);
				PRODUCT_BUNDLE_IDENTIFIER = ochimasu.Samplers;
				PRODUCT_NAME = "$(TARGET_NAME)";
				SWIFT_VERSION = 4.0;
				TARGETED_DEVICE_FAMILY = "1,2";
			};
			name = Release;
		};
/* End XCBuildConfiguration section */

/* Begin XCConfigurationList section */
		43A7BF20208ACF2A00735E45 /* Build configuration list for PBXProject "Samplers" */ = {
			isa = XCConfigurationList;
			buildConfigurations = (
				43A7BF35208ACF2E00735E45 /* Debug */,
				43A7BF36208ACF2E00735E45 /* Release */,
			);
			defaultConfigurationIsVisible = 0;
			defaultConfigurationName = Release;
		};
		43A7BF37208ACF2E00735E45 /* Build configuration list for PBXNativeTarget "Samplers" */ = {
			isa = XCConfigurationList;
			buildConfigurations = (
				43A7BF38208ACF2E00735E45 /* Debug */,
				43A7BF39208ACF2E00735E45 /* Release */,
			);
			defaultConfigurationIsVisible = 0;
			defaultConfigurationName = Release;
		};
/* End XCConfigurationList section */
	};
	rootObject = 43A7BF1D208ACF2A00735E45 /* Project object */;
}
